
Microsoft Visual Studio Solution File, Format Version 12.00
# Visual Studio 15
VisualStudioVersion = 15.0.26430.15
MinimumVisualStudioVersion = 10.0.40219.1
Project("{FAE04EC0-301F-11D3-BF4B-00C04F79EFBC}") = "InstagramGot", "InstagramGot\InstagramGot.csproj", "{B4E80FC8-2D47-4706-A774-2C6F58191311}"
EndProject
Project("{FAE04EC0-301F-11D3-BF4B-00C04F79EFBC}") = "InstagramGot.Test", "InstagramGot.Test\InstagramGot.Test.csproj", "{1190A4C7-3D03-41AA-9E2B-200335EE7BEE}"
EndProject
Project("{2150E333-8FDC-42A3-9474-1A3956D46DE8}") = "Solution Items", "Solution Items", "{E1F36453-D25D-47E1-B2A9-88F64621F774}"
	ProjectSection(SolutionItems) = preProject
		.gitignore = .gitignore
		README.MD = README.MD
	EndProjectSection
EndProject
Global
	GlobalSection(SolutionConfigurationPlatforms) = preSolution
		Debug|Any CPU = Debug|Any CPU
		Release|Any CPU = Release|Any CPU
	EndGlobalSection
	GlobalSection(ProjectConfigurationPlatforms) = postSolution
		{B4E80FC8-2D47-4706-A774-2C6F58191311}.Debug|Any CPU.ActiveCfg = Debug|Any CPU
		{B4E80FC8-2D47-4706-A774-2C6F58191311}.Debug|Any CPU.Build.0 = Debug|Any CPU
		{B4E80FC8-2D47-4706-A774-2C6F58191311}.Release|Any CPU.ActiveCfg = Release|Any CPU
		{B4E80FC8-2D47-4706-A774-2C6F58191311}.Release|Any CPU.Build.0 = Release|Any CPU
		{1190A4C7-3D03-41AA-9E2B-200335EE7BEE}.Debug|Any CPU.ActiveCfg = Debug|Any CPU
		{1190A4C7-3D03-41AA-9E2B-200335EE7BEE}.Debug|Any CPU.Build.0 = Debug|Any CPU
		{1190A4C7-3D03-41AA-9E2B-200335EE7BEE}.Release|Any CPU.ActiveCfg = Release|Any CPU
		{1190A4C7-3D03-41AA-9E2B-200335EE7BEE}.Release|Any CPU.Build.0 = Release|Any CPU
	EndGlobalSection
	GlobalSection(SolutionProperties) = preSolution
		HideSolutionNode = FALSE
	EndGlobalSection
EndGlobal
